
Microsoft Visual Studio Solution File, Format Version 12.00
# Visual Studio Version 17
VisualStudioVersion = 17.0.31903.59
MinimumVisualStudioVersion = 10.0.40219.1
Project("{2150E333-8FDC-42A3-9474-1A3956D46DE8}") = "src", "src", "{827E0CD3-B72D-47B6-A68D-7590B98EB39B}"
EndProject
Project("{FAE04EC0-301F-11D3-BF4B-00C04F79EFBC}") = "TokenMeter.Core", "src\TokenMeter.Core\TokenMeter.Core.csproj", "{474A29E1-B0EA-4DCA-9707-12FB74F15F78}"
EndProject
Project("{FAE04EC0-301F-11D3-BF4B-00C04F79EFBC}") = "TokenMeter.Probes", "src\TokenMeter.Probes\TokenMeter.Probes.csproj", "{342EA650-682A-40B4-A60A-26E381BB380D}"
EndProject
Project("{FAE04EC0-301F-11D3-BF4B-00C04F79EFBC}") = "TokenMeter.Auth", "src\TokenMeter.Auth\TokenMeter.Auth.csproj", "{9C6E925A-6E4C-401B-BE12-A324ECD68206}"
EndProject
Project("{FAE04EC0-301F-11D3-BF4B-00C04F79EFBC}") = "TokenMeter.UI", "src\TokenMeter.UI\TokenMeter.UI.csproj", "{FB773F5E-709D-4B62-B04C-F16E1DB5CFCD}"
EndProject
Project("{FAE04EC0-301F-11D3-BF4B-00C04F79EFBC}") = "TokenMeter.CLI", "src\TokenMeter.CLI\TokenMeter.CLI.csproj", "{F6451CA6-A533-4FEE-84D9-FF8332878A50}"
EndProject
Project("{2150E333-8FDC-42A3-9474-1A3956D46DE8}") = "tests", "tests", "{0AB3BF05-4346-4AA6-1389-037BE0695223}"
EndProject
Project("{FAE04EC0-301F-11D3-BF4B-00C04F79EFBC}") = "TokenMeter.Tests", "tests\TokenMeter.Tests\TokenMeter.Tests.csproj", "{7FE57967-B101-458D-BAF0-540590955FFE}"
EndProject
Global
	GlobalSection(SolutionConfigurationPlatforms) = preSolution
		Debug|Any CPU = Debug|Any CPU
		Debug|x64 = Debug|x64
		Debug|x86 = Debug|x86
		Release|Any CPU = Release|Any CPU
		Release|x64 = Release|x64
		Release|x86 = Release|x86
	EndGlobalSection
	GlobalSection(ProjectConfigurationPlatforms) = postSolution
		{474A29E1-B0EA-4DCA-9707-12FB74F15F78}.Debug|Any CPU.ActiveCfg = Debug|Any CPU
		{474A29E1-B0EA-4DCA-9707-12FB74F15F78}.Debug|Any CPU.Build.0 = Debug|Any CPU
		{474A29E1-B0EA-4DCA-9707-12FB74F15F78}.Debug|x64.ActiveCfg = Debug|Any CPU
		{474A29E1-B0EA-4DCA-9707-12FB74F15F78}.Debug|x64.Build.0 = Debug|Any CPU
		{474A29E1-B0EA-4DCA-9707-12FB74F15F78}.Debug|x86.ActiveCfg = Debug|Any CPU
		{474A29E1-B0EA-4DCA-9707-12FB74F15F78}.Debug|x86.Build.0 = Debug|Any CPU
		{474A29E1-B0EA-4DCA-9707-12FB74F15F78}.Release|Any CPU.ActiveCfg = Release|Any CPU
		{474A29E1-B0EA-4DCA-9707-12FB74F15F78}.Release|Any CPU.Build.0 = Release|Any CPU
		{474A29E1-B0EA-4DCA-9707-12FB74F15F78}.Release|x64.ActiveCfg = Release|Any CPU
		{474A29E1-B0EA-4DCA-9707-12FB74F15F78}.Release|x64.Build.0 = Release|Any CPU
		{474A29E1-B0EA-4DCA-9707-12FB74F15F78}.Release|x86.ActiveCfg = Release|Any CPU
		{474A29E1-B0EA-4DCA-9707-12FB74F15F78}.Release|x86.Build.0 = Release|Any CPU
		{342EA650-682A-40B4-A60A-26E381BB380D}.Debug|Any CPU.ActiveCfg = Debug|Any CPU
		{342EA650-682A-40B4-A60A-26E381BB380D}.Debug|Any CPU.Build.0 = Debug|Any CPU
		{342EA650-682A-40B4-A60A-26E381BB380D}.Debug|x64.ActiveCfg = Debug|Any CPU
		{342EA650-682A-40B4-A60A-26E381BB380D}.Debug|x64.Build.0 = Debug|Any CPU
		{342EA650-682A-40B4-A60A-26E381BB380D}.Debug|x86.ActiveCfg = Debug|Any CPU
		{342EA650-682A-40B4-A60A-26E381BB380D}.Debug|x86.Build.0 = Debug|Any CPU
		{342EA650-682A-40B4-A60A-26E381BB380D}.Release|Any CPU.ActiveCfg = Release|Any CPU
		{342EA650-682A-40B4-A60A-26E381BB380D}.Release|Any CPU.Build.0 = Release|Any CPU
		{342EA650-682A-40B4-A60A-26E381BB380D}.Release|x64.ActiveCfg = Release|Any CPU
		{342EA650-682A-40B4-A60A-26E381BB380D}.Release|x64.Build.0 = Release|Any CPU
		{342EA650-682A-40B4-A60A-26E381BB380D}.Release|x86.ActiveCfg = Release|Any CPU
		{342EA650-682A-40B4-A60A-26E381BB380D}.Release|x86.Build.0 = Release|Any CPU
		{9C6E925A-6E4C-401B-BE12-A324ECD68206}.Debug|Any CPU.ActiveCfg = Debug|Any CPU
		{9C6E925A-6E4C-401B-BE12-A324ECD68206}.Debug|Any CPU.Build.0 = Debug|Any CPU
		{9C6E925A-6E4C-401B-BE12-A324ECD68206}.Debug|x64.ActiveCfg = Debug|Any CPU
		{9C6E925A-6E4C-401B-BE12-A324ECD68206}.Debug|x64.Build.0 = Debug|Any CPU
		{9C6E925A-6E4C-401B-BE12-A324ECD68206}.Debug|x86.ActiveCfg = Debug|Any CPU
		{9C6E925A-6E4C-401B-BE12-A324ECD68206}.Debug|x86.Build.0 = Debug|Any CPU
		{9C6E925A-6E4C-401B-BE12-A324ECD68206}.Release|Any CPU.ActiveCfg = Release|Any CPU
		{9C6E925A-6E4C-401B-BE12-A324ECD68206}.Release|Any CPU.Build.0 = Release|Any CPU
		{9C6E925A-6E4C-401B-BE12-A324ECD68206}.Release|x64.ActiveCfg = Release|Any CPU
		{9C6E925A-6E4C-401B-BE12-A324ECD68206}.Release|x64.Build.0 = Release|Any CPU
		{9C6E925A-6E4C-401B-BE12-A324ECD68206}.Release|x86.ActiveCfg = Release|Any CPU
		{9C6E925A-6E4C-401B-BE12-A324ECD68206}.Release|x86.Build.0 = Release|Any CPU
		{FB773F5E-709D-4B62-B04C-F16E1DB5CFCD}.Debug|Any CPU.ActiveCfg = Debug|Any CPU
		{FB773F5E-709D-4B62-B04C-F16E1DB5CFCD}.Debug|Any CPU.Build.0 = Debug|Any CPU
		{FB773F5E-709D-4B62-B04C-F16E1DB5CFCD}.Debug|x64.ActiveCfg = Debug|Any CPU
		{FB773F5E-709D-4B62-B04C-F16E1DB5CFCD}.Debug|x64.Build.0 = Debug|Any CPU
		{FB773F5E-709D-4B62-B04C-F16E1DB5CFCD}.Debug|x86.ActiveCfg = Debug|Any CPU
		{FB773F5E-709D-4B62-B04C-F16E1DB5CFCD}.Debug|x86.Build.0 = Debug|Any CPU
		{FB773F5E-709D-4B62-B04C-F16E1DB5CFCD}.Release|Any CPU.ActiveCfg = Release|Any CPU
		{FB773F5E-709D-4B62-B04C-F16E1DB5CFCD}.Release|Any CPU.Build.0 = Release|Any CPU
		{FB773F5E-709D-4B62-B04C-F16E1DB5CFCD}.Release|x64.ActiveCfg = Release|Any CPU
		{FB773F5E-709D-4B62-B04C-F16E1DB5CFCD}.Release|x64.Build.0 = Release|Any CPU
		{FB773F5E-709D-4B62-B04C-F16E1DB5CFCD}.Release|x86.ActiveCfg = Release|Any CPU
		{FB773F5E-709D-4B62-B04C-F16E1DB5CFCD}.Release|x86.Build.0 = Release|Any CPU
		{F6451CA6-A533-4FEE-84D9-FF8332878A50}.Debug|Any CPU.ActiveCfg = Debug|Any CPU
		{F6451CA6-A533-4FEE-84D9-FF8332878A50}.Debug|Any CPU.Build.0 = Debug|Any CPU
		{F6451CA6-A533-4FEE-84D9-FF8332878A50}.Debug|x64.ActiveCfg = Debug|Any CPU
		{F6451CA6-A533-4FEE-84D9-FF8332878A50}.Debug|x64.Build.0 = Debug|Any CPU
		{F6451CA6-A533-4FEE-84D9-FF8332878A50}.Debug|x86.ActiveCfg = Debug|Any CPU
		{F6451CA6-A533-4FEE-84D9-FF8332878A50}.Debug|x86.Build.0 = Debug|Any CPU
		{F6451CA6-A533-4FEE-84D9-FF8332878A50}.Release|Any CPU.ActiveCfg = Release|Any CPU
		{F6451CA6-A533-4FEE-84D9-FF8332878A50}.Release|Any CPU.Build.0 = Release|Any CPU
		{F6451CA6-A533-4FEE-84D9-FF8332878A50}.Release|x64.ActiveCfg = Release|Any CPU
		{F6451CA6-A533-4FEE-84D9-FF8332878A50}.Release|x64.Build.0 = Release|Any CPU
		{F6451CA6-A533-4FEE-84D9-FF8332878A50}.Release|x86.ActiveCfg = Release|Any CPU
		{F6451CA6-A533-4FEE-84D9-FF8332878A50}.Release|x86.Build.0 = Release|Any CPU
		{7FE57967-B101-458D-BAF0-540590955FFE}.Debug|Any CPU.ActiveCfg = Debug|Any CPU
		{7FE57967-B101-458D-BAF0-540590955FFE}.Debug|Any CPU.Build.0 = Debug|Any CPU
		{7FE57967-B101-458D-BAF0-540590955FFE}.Debug|x64.ActiveCfg = Debug|Any CPU
		{7FE57967-B101-458D-BAF0-540590955FFE}.Debug|x64.Build.0 = Debug|Any CPU
		{7FE57967-B101-458D-BAF0-540590955FFE}.Debug|x86.ActiveCfg = Debug|Any CPU
		{7FE57967-B101-458D-BAF0-540590955FFE}.Debug|x86.Build.0 = Debug|Any CPU
		{7FE57967-B101-458D-BAF0-540590955FFE}.Release|Any CPU.ActiveCfg = Release|Any CPU
		{7FE57967-B101-458D-BAF0-540590955FFE}.Release|Any CPU.Build.0 = Release|Any CPU
		{7FE57967-B101-458D-BAF0-540590955FFE}.Release|x64.ActiveCfg = Release|Any CPU
		{7FE57967-B101-458D-BAF0-540590955FFE}.Release|x64.Build.0 = Release|Any CPU
		{7FE57967-B101-458D-BAF0-540590955FFE}.Release|x86.ActiveCfg = Release|Any CPU
		{7FE57967-B101-458D-BAF0-540590955FFE}.Release|x86.Build.0 = Release|Any CPU
	EndGlobalSection
	GlobalSection(SolutionProperties) = preSolution
		HideSolutionNode = FALSE
	EndGlobalSection
	GlobalSection(NestedProjects) = preSolution
		{474A29E1-B0EA-4DCA-9707-12FB74F15F78} = {827E0CD3-B72D-47B6-A68D-7590B98EB39B}
		{342EA650-682A-40B4-A60A-26E381BB380D} = {827E0CD3-B72D-47B6-A68D-7590B98EB39B}
		{9C6E925A-6E4C-401B-BE12-A324ECD68206} = {827E0CD3-B72D-47B6-A68D-7590B98EB39B}
		{FB773F5E-709D-4B62-B04C-F16E1DB5CFCD} = {827E0CD3-B72D-47B6-A68D-7590B98EB39B}
		{F6451CA6-A533-4FEE-84D9-FF8332878A50} = {827E0CD3-B72D-47B6-A68D-7590B98EB39B}
		{7FE57967-B101-458D-BAF0-540590955FFE} = {0AB3BF05-4346-4AA6-1389-037BE0695223}
	EndGlobalSection
EndGlobal
